
Microsoft Visual Studio Solution File, Format Version 12.00
# Visual Studio 15
VisualStudioVersion = 15.0.26730.12
MinimumVisualStudioVersion = 10.0.40219.1
Project("{FAE04EC0-301F-11D3-BF4B-00C04F79EFBC}") = "Softeq.NoName.Integration.InAppPurchase", "Softeq.NoName.Integration.InAppPurchase\Softeq.NoName.Integration.InAppPurchase.csproj", "{0C89C7C9-DE3C-4C4F-9BC0-0CB5274A3602}"
EndProject
Project("{FAE04EC0-301F-11D3-BF4B-00C04F79EFBC}") = "Softeq.NoName.Integration.InAppPurchase.Test", "Softeq.NoName.Integration.InAppPurchase.Test\Softeq.NoName.Integration.InAppPurchase.Test.csproj", "{D3990814-F30E-421D-BE21-169D934575D4}"
EndProject
Global
	GlobalSection(SolutionConfigurationPlatforms) = preSolution
		Debug|Any CPU = Debug|Any CPU
		Release|Any CPU = Release|Any CPU
	EndGlobalSection
	GlobalSection(ProjectConfigurationPlatforms) = postSolution
		{0C89C7C9-DE3C-4C4F-9BC0-0CB5274A3602}.Debug|Any CPU.ActiveCfg = Debug|Any CPU
		{0C89C7C9-DE3C-4C4F-9BC0-0CB5274A3602}.Debug|Any CPU.Build.0 = Debug|Any CPU
		{0C89C7C9-DE3C-4C4F-9BC0-0CB5274A3602}.Release|Any CPU.ActiveCfg = Release|Any CPU
		{0C89C7C9-DE3C-4C4F-9BC0-0CB5274A3602}.Release|Any CPU.Build.0 = Release|Any CPU
		{D3990814-F30E-421D-BE21-169D934575D4}.Debug|Any CPU.ActiveCfg = Debug|Any CPU
		{D3990814-F30E-421D-BE21-169D934575D4}.Debug|Any CPU.Build.0 = Debug|Any CPU
		{D3990814-F30E-421D-BE21-169D934575D4}.Release|Any CPU.ActiveCfg = Release|Any CPU
		{D3990814-F30E-421D-BE21-169D934575D4}.Release|Any CPU.Build.0 = Release|Any CPU
	EndGlobalSection
	GlobalSection(SolutionProperties) = preSolution
		HideSolutionNode = FALSE
	EndGlobalSection
	GlobalSection(ExtensibilityGlobals) = postSolution
		SolutionGuid = {DB3500D7-DE72-415E-9DE3-C06802BA725C}
	EndGlobalSection
EndGlobal
